
Microsoft Visual Studio Solution File, Format Version 12.00
# Visual Studio 15
VisualStudioVersion = 15.0.26430.4
MinimumVisualStudioVersion = 10.0.40219.1
Project("{FAE04EC0-301F-11D3-BF4B-00C04F79EFBC}") = "DataManagement.API", "DataManagement.API\DataManagement.API.csproj", "{22AB6DF2-E3D5-45C8-B246-CE11B9644DF6}"
EndProject
Project("{FAE04EC0-301F-11D3-BF4B-00C04F79EFBC}") = "DataManagement.Business", "DataManagement.Business\DataManagement.Business.csproj", "{D59BF102-45A5-4CA9-99AC-0FB84BFF49DF}"
EndProject
Project("{FAE04EC0-301F-11D3-BF4B-00C04F79EFBC}") = "DataManagement.Business.Interfaces", "DataManagement.Business.Interfaces\DataManagement.Business.Interfaces.csproj", "{8054E6F3-99F3-4624-A558-D0E2EC690DDF}"
EndProject
Project("{FAE04EC0-301F-11D3-BF4B-00C04F79EFBC}") = "DataManagement.Repository.Interfaces", "DataManagement.Repository.Interfaces\DataManagement.Repository.Interfaces.csproj", "{8D9BB37B-BC85-4D36-B7F3-EF50AEE414E5}"
EndProject
Project("{FAE04EC0-301F-11D3-BF4B-00C04F79EFBC}") = "DataManagement.Repository", "DataManagement.Repository\DataManagement.Repository.csproj", "{B5326B66-B9A3-47A5-B5EE-04223C958FA9}"
EndProject
Project("{FAE04EC0-301F-11D3-BF4B-00C04F79EFBC}") = "DataManagement.Entities", "DataManagement.Entities\DataManagement.Entities.csproj", "{1F795107-908F-424A-A419-7673A063E58C}"
EndProject
Global
	GlobalSection(SolutionConfigurationPlatforms) = preSolution
		Debug|Any CPU = Debug|Any CPU
		Release|Any CPU = Release|Any CPU
	EndGlobalSection
	GlobalSection(ProjectConfigurationPlatforms) = postSolution
		{22AB6DF2-E3D5-45C8-B246-CE11B9644DF6}.Debug|Any CPU.ActiveCfg = Debug|Any CPU
		{22AB6DF2-E3D5-45C8-B246-CE11B9644DF6}.Debug|Any CPU.Build.0 = Debug|Any CPU
		{22AB6DF2-E3D5-45C8-B246-CE11B9644DF6}.Release|Any CPU.ActiveCfg = Release|Any CPU
		{22AB6DF2-E3D5-45C8-B246-CE11B9644DF6}.Release|Any CPU.Build.0 = Release|Any CPU
		{D59BF102-45A5-4CA9-99AC-0FB84BFF49DF}.Debug|Any CPU.ActiveCfg = Debug|Any CPU
		{D59BF102-45A5-4CA9-99AC-0FB84BFF49DF}.Debug|Any CPU.Build.0 = Debug|Any CPU
		{D59BF102-45A5-4CA9-99AC-0FB84BFF49DF}.Release|Any CPU.ActiveCfg = Release|Any CPU
		{D59BF102-45A5-4CA9-99AC-0FB84BFF49DF}.Release|Any CPU.Build.0 = Release|Any CPU
		{8054E6F3-99F3-4624-A558-D0E2EC690DDF}.Debug|Any CPU.ActiveCfg = Debug|Any CPU
		{8054E6F3-99F3-4624-A558-D0E2EC690DDF}.Debug|Any CPU.Build.0 = Debug|Any CPU
		{8054E6F3-99F3-4624-A558-D0E2EC690DDF}.Release|Any CPU.ActiveCfg = Release|Any CPU
		{8054E6F3-99F3-4624-A558-D0E2EC690DDF}.Release|Any CPU.Build.0 = Release|Any CPU
		{8D9BB37B-BC85-4D36-B7F3-EF50AEE414E5}.Debug|Any CPU.ActiveCfg = Debug|Any CPU
		{8D9BB37B-BC85-4D36-B7F3-EF50AEE414E5}.Debug|Any CPU.Build.0 = Debug|Any CPU
		{8D9BB37B-BC85-4D36-B7F3-EF50AEE414E5}.Release|Any CPU.ActiveCfg = Release|Any CPU
		{8D9BB37B-BC85-4D36-B7F3-EF50AEE414E5}.Release|Any CPU.Build.0 = Release|Any CPU
		{B5326B66-B9A3-47A5-B5EE-04223C958FA9}.Debug|Any CPU.ActiveCfg = Debug|Any CPU
		{B5326B66-B9A3-47A5-B5EE-04223C958FA9}.Debug|Any CPU.Build.0 = Debug|Any CPU
		{B5326B66-B9A3-47A5-B5EE-04223C958FA9}.Release|Any CPU.ActiveCfg = Release|Any CPU
		{B5326B66-B9A3-47A5-B5EE-04223C958FA9}.Release|Any CPU.Build.0 = Release|Any CPU
		{1F795107-908F-424A-A419-7673A063E58C}.Debug|Any CPU.ActiveCfg = Debug|Any CPU
		{1F795107-908F-424A-A419-7673A063E58C}.Debug|Any CPU.Build.0 = Debug|Any CPU
		{1F795107-908F-424A-A419-7673A063E58C}.Release|Any CPU.ActiveCfg = Release|Any CPU
		{1F795107-908F-424A-A419-7673A063E58C}.Release|Any CPU.Build.0 = Release|Any CPU
	EndGlobalSection
	GlobalSection(SolutionProperties) = preSolution
		HideSolutionNode = FALSE
	EndGlobalSection
EndGlobal
